
Microsoft Visual Studio Solution File, Format Version 12.00
# Visual Studio Version 17
VisualStudioVersion = 17.3.32929.385
MinimumVisualStudioVersion = 10.0.40219.1
Project("{9A19103F-16F7-4668-BE54-9A1E7A4F7556}") = "BaglantiCumlesi", "BaglantiCumlesi\BaglantiCumlesi.csproj", "{E9DD939C-F483-40D9-831D-47C24E8CB68F}"
EndProject
Project("{9A19103F-16F7-4668-BE54-9A1E7A4F7556}") = "Selectt", "Selectt\Selectt.csproj", "{F771601C-8623-4B59-9E55-451DAD5299AF}"
EndProject
Project("{9A19103F-16F7-4668-BE54-9A1E7A4F7556}") = "insert", "insert\insert.csproj", "{24A700EB-9A21-4E2D-9803-06C1DF6D5FA5}"
EndProject
Project("{9A19103F-16F7-4668-BE54-9A1E7A4F7556}") = "Update_Delete", "Update_Delete\Update_Delete.csproj", "{C24F7A7D-4600-4272-B0D9-88C838F19C3C}"
EndProject
Project("{9A19103F-16F7-4668-BE54-9A1E7A4F7556}") = "Disconnected1", "Disconnected1\Disconnected1.csproj", "{D1A5A8E7-5976-4D78-B402-ED4FFD103767}"
EndProject
Project("{FAE04EC0-301F-11D3-BF4B-00C04F79EFBC}") = "iliskili_kayitlar", "iliskili_kayitlar\iliskili_kayitlar.csproj", "{D0E6C6D7-19AB-4219-93A8-3A124EAF11CE}"
EndProject
Global
	GlobalSection(SolutionConfigurationPlatforms) = preSolution
		Debug|Any CPU = Debug|Any CPU
		Release|Any CPU = Release|Any CPU
	EndGlobalSection
	GlobalSection(ProjectConfigurationPlatforms) = postSolution
		{E9DD939C-F483-40D9-831D-47C24E8CB68F}.Debug|Any CPU.ActiveCfg = Debug|Any CPU
		{E9DD939C-F483-40D9-831D-47C24E8CB68F}.Debug|Any CPU.Build.0 = Debug|Any CPU
		{E9DD939C-F483-40D9-831D-47C24E8CB68F}.Release|Any CPU.ActiveCfg = Release|Any CPU
		{E9DD939C-F483-40D9-831D-47C24E8CB68F}.Release|Any CPU.Build.0 = Release|Any CPU
		{F771601C-8623-4B59-9E55-451DAD5299AF}.Debug|Any CPU.ActiveCfg = Debug|Any CPU
		{F771601C-8623-4B59-9E55-451DAD5299AF}.Debug|Any CPU.Build.0 = Debug|Any CPU
		{F771601C-8623-4B59-9E55-451DAD5299AF}.Release|Any CPU.ActiveCfg = Release|Any CPU
		{F771601C-8623-4B59-9E55-451DAD5299AF}.Release|Any CPU.Build.0 = Release|Any CPU
		{24A700EB-9A21-4E2D-9803-06C1DF6D5FA5}.Debug|Any CPU.ActiveCfg = Debug|Any CPU
		{24A700EB-9A21-4E2D-9803-06C1DF6D5FA5}.Debug|Any CPU.Build.0 = Debug|Any CPU
		{24A700EB-9A21-4E2D-9803-06C1DF6D5FA5}.Release|Any CPU.ActiveCfg = Release|Any CPU
		{24A700EB-9A21-4E2D-9803-06C1DF6D5FA5}.Release|Any CPU.Build.0 = Release|Any CPU
		{C24F7A7D-4600-4272-B0D9-88C838F19C3C}.Debug|Any CPU.ActiveCfg = Debug|Any CPU
		{C24F7A7D-4600-4272-B0D9-88C838F19C3C}.Debug|Any CPU.Build.0 = Debug|Any CPU
		{C24F7A7D-4600-4272-B0D9-88C838F19C3C}.Release|Any CPU.ActiveCfg = Release|Any CPU
		{C24F7A7D-4600-4272-B0D9-88C838F19C3C}.Release|Any CPU.Build.0 = Release|Any CPU
		{D1A5A8E7-5976-4D78-B402-ED4FFD103767}.Debug|Any CPU.ActiveCfg = Debug|Any CPU
		{D1A5A8E7-5976-4D78-B402-ED4FFD103767}.Debug|Any CPU.Build.0 = Debug|Any CPU
		{D1A5A8E7-5976-4D78-B402-ED4FFD103767}.Release|Any CPU.ActiveCfg = Release|Any CPU
		{D1A5A8E7-5976-4D78-B402-ED4FFD103767}.Release|Any CPU.Build.0 = Release|Any CPU
		{D0E6C6D7-19AB-4219-93A8-3A124EAF11CE}.Debug|Any CPU.ActiveCfg = Debug|Any CPU
		{D0E6C6D7-19AB-4219-93A8-3A124EAF11CE}.Debug|Any CPU.Build.0 = Debug|Any CPU
		{D0E6C6D7-19AB-4219-93A8-3A124EAF11CE}.Release|Any CPU.ActiveCfg = Release|Any CPU
		{D0E6C6D7-19AB-4219-93A8-3A124EAF11CE}.Release|Any CPU.Build.0 = Release|Any CPU
	EndGlobalSection
	GlobalSection(SolutionProperties) = preSolution
		HideSolutionNode = FALSE
	EndGlobalSection
	GlobalSection(ExtensibilityGlobals) = postSolution
		SolutionGuid = {DF1B8F5B-9D40-4DF5-9256-92A2BD8FA43D}
	EndGlobalSection
EndGlobal
